// !$*UTF8*$!
{
	archiveVersion = 1;
	classes = {
	};
	objectVersion = 50;
	objects = {

/* Begin PBXBuildFile section */
		C2E4098723F0BE0800CAD568 /* AppDelegate.swift in Sources */ = {isa = PBXBuildFile; fileRef = C2E4098623F0BE0800CAD568 /* AppDelegate.swift */; };
		C2E4098923F0BE0800CAD568 /* SceneDelegate.swift in Sources */ = {isa = PBXBuildFile; fileRef = C2E4098823F0BE0800CAD568 /* SceneDelegate.swift */; };
		C2E4098B23F0BE0800CAD568 /* ContentView.swift in Sources */ = {isa = PBXBuildFile; fileRef = C2E4098A23F0BE0800CAD568 /* ContentView.swift */; };
		C2E4098D23F0BE0F00CAD568 /* Assets.xcassets in Resources */ = {isa = PBXBuildFile; fileRef = C2E4098C23F0BE0F00CAD568 /* Assets.xcassets */; };
		C2E4099023F0BE0F00CAD568 /* Preview Assets.xcassets in Resources */ = {isa = PBXBuildFile; fileRef = C2E4098F23F0BE0F00CAD568 /* Preview Assets.xcassets */; };
		C2E4099323F0BE0F00CAD568 /* LaunchScreen.storyboard in Resources */ = {isa = PBXBuildFile; fileRef = C2E4099123F0BE0F00CAD568 /* LaunchScreen.storyboard */; };
/* End PBXBuildFile section */

/* Begin PBXFileReference section */
		C2E4098323F0BE0800CAD568 /* Knock Knock.app */ = {isa = PBXFileReference; explicitFileType = wrapper.application; includeInIndex = 0; path = "Knock Knock.app"; sourceTree = BUILT_PRODUCTS_DIR; };
		C2E4098623F0BE0800CAD568 /* AppDelegate.swift */ = {isa = PBXFileReference; lastKnownFileType = sourcecode.swift; path = AppDelegate.swift; sourceTree = "<group>"; };
		C2E4098823F0BE0800CAD568 /* SceneDelegate.swift */ = {isa = PBXFileReference; lastKnownFileType = sourcecode.swift; path = SceneDelegate.swift; sourceTree = "<group>"; };
		C2E4098A23F0BE0800CAD568 /* ContentView.swift */ = {isa = PBXFileReference; lastKnownFileType = sourcecode.swift; path = ContentView.swift; sourceTree = "<group>"; };
		C2E4098C23F0BE0F00CAD568 /* Assets.xcassets */ = {isa = PBXFileReference; lastKnownFileType = folder.assetcatalog; path = Assets.xcassets; sourceTree = "<group>"; };
		C2E4098F23F0BE0F00CAD568 /* Preview Assets.xcassets */ = {isa = PBXFileReference; lastKnownFileType = folder.assetcatalog; path = "Preview Assets.xcassets"; sourceTree = "<group>"; };
		C2E4099223F0BE0F00CAD568 /* Base */ = {isa = PBXFileReference; lastKnownFileType = file.storyboard; name = Base; path = Base.lproj/LaunchScreen.storyboard; sourceTree = "<group>"; };
		C2E4099423F0BE0F00CAD568 /* Info.plist */ = {isa = PBXFileReference; lastKnownFileType = text.plist.xml; path = Info.plist; sourceTree = "<group>"; };
/* End PBXFileReference section */

/* Begin PBXFrameworksBuildPhase section */
		C2E4098023F0BE0800CAD568 /* Frameworks */ = {
			isa = PBXFrameworksBuildPhase;
			buildActionMask = 2147483647;
			files = (
			);
			runOnlyForDeploymentPostprocessing = 0;
		};
/* End PBXFrameworksBuildPhase section */

/* Begin PBXGroup section */
		C2E4097A23F0BE0800CAD568 = {
			isa = PBXGroup;
			children = (
				C2E4098523F0BE0800CAD568 /* Knock Knock */,
				C2E4098423F0BE0800CAD568 /* Products */,
			);
			sourceTree = "<group>";
		};
		C2E4098423F0BE0800CAD568 /* Products */ = {
			isa = PBXGroup;
			children = (
				C2E4098323F0BE0800CAD568 /* Knock Knock.app */,
			);
			name = Products;
			sourceTree = "<group>";
		};
		C2E4098523F0BE0800CAD568 /* Knock Knock */ = {
			isa = PBXGroup;
			children = (
				C2E4098623F0BE0800CAD568 /* AppDelegate.swift */,
				C2E4098823F0BE0800CAD568 /* SceneDelegate.swift */,
				C2E4098A23F0BE0800CAD568 /* ContentView.swift */,
				C2E4098C23F0BE0F00CAD568 /* Assets.xcassets */,
				C2E4099123F0BE0F00CAD568 /* LaunchScreen.storyboard */,
				C2E4099423F0BE0F00CAD568 /* Info.plist */,
				C2E4098E23F0BE0F00CAD568 /* Preview Content */,
			);
			path = "Knock Knock";
			sourceTree = "<group>";
		};
		C2E4098E23F0BE0F00CAD568 /* Preview Content */ = {
			isa = PBXGroup;
			children = (
				C2E4098F23F0BE0F00CAD568 /* Preview Assets.xcassets */,
			);
			path = "Preview Content";
			sourceTree = "<group>";
		};
/* End PBXGroup section */

/* Begin PBXNativeTarget section */
		C2E4098223F0BE0800CAD568 /* Knock Knock */ = {
			isa = PBXNativeTarget;
			buildConfigurationList = C2E4099723F0BE0F00CAD568 /* Build configuration list for PBXNativeTarget "Knock Knock" */;
			buildPhases = (
				C2E4097F23F0BE0800CAD568 /* Sources */,
				C2E4098023F0BE0800CAD568 /* Frameworks */,
				C2E4098123F0BE0800CAD568 /* Resources */,
			);
			buildRules = (
			);
			dependencies = (
			);
			name = "Knock Knock";
			productName = "Knock Knock";
			productReference = C2E4098323F0BE0800CAD568 /* Knock Knock.app */;
			productType = "com.apple.product-type.application";
		};
/* End PBXNativeTarget section */

/* Begin PBXProject section */
		C2E4097B23F0BE0800CAD568 /* Project object */ = {
			isa = PBXProject;
			attributes = {
				LastSwiftUpdateCheck = 1130;
				LastUpgradeCheck = 1130;
				ORGANIZATIONNAME = "Marv Davis";
				TargetAttributes = {
					C2E4098223F0BE0800CAD568 = {
						CreatedOnToolsVersion = 11.3.1;
					};
				};
			};
			buildConfigurationList = C2E4097E23F0BE0800CAD568 /* Build configuration list for PBXProject "Knock Knock" */;
			compatibilityVersion = "Xcode 9.3";
			developmentRegion = en;
			hasScannedForEncodings = 0;
			knownRegions = (
				en,
				Base,
			);
			mainGroup = C2E4097A23F0BE0800CAD568;
			productRefGroup = C2E4098423F0BE0800CAD568 /* Products */;
			projectDirPath = "";
			projectRoot = "";
			targets = (
				C2E4098223F0BE0800CAD568 /* Knock Knock */,
			);
		};
/* End PBXProject section */

/* Begin PBXResourcesBuildPhase section */
		C2E4098123F0BE0800CAD568 /* Resources */ = {
			isa = PBXResourcesBuildPhase;
			buildActionMask = 2147483647;
			files = (
				C2E4099323F0BE0F00CAD568 /* LaunchScreen.storyboard in Resources */,
				C2E4099023F0BE0F00CAD568 /* Preview Assets.xcassets in Resources */,
				C2E4098D23F0BE0F00CAD568 /* Assets.xcassets in Resources */,
			);
			runOnlyForDeploymentPostprocessing = 0;
		};
/* End PBXResourcesBuildPhase section */

/* Begin PBXSourcesBuildPhase section */
		C2E4097F23F0BE0800CAD568 /* Sources */ = {
			isa = PBXSourcesBuildPhase;
			buildActionMask = 2147483647;
			files = (
				C2E4098723F0BE0800CAD568 /* AppDelegate.swift in Sources */,
				C2E4098923F0BE0800CAD568 /* SceneDelegate.swift in Sources */,
				C2E4098B23F0BE0800CAD568 /* ContentView.swift in Sources */,
			);
			runOnlyForDeploymentPostprocessing = 0;
		};
/* End PBXSourcesBuildPhase section */

/* Begin PBXVariantGroup section */
		C2E4099123F0BE0F00CAD568 /* LaunchScreen.storyboard */ = {
			isa = PBXVariantGroup;
			children = (
				C2E4099223F0BE0F00CAD568 /* Base */,
			);
			name = LaunchScreen.storyboard;
			sourceTree = "<group>";
		};
/* End PBXVariantGroup section */

/* Begin XCBuildConfiguration section */
		C2E4099523F0BE0F00CAD568 /* Debug */ = {
			isa = XCBuildConfiguration;
			buildSettings = {
				ALWAYS_SEARCH_USER_PATHS = NO;
				CLANG_ANALYZER_NONNULL = YES;
				CLANG_ANALYZER_NUMBER_OBJECT_CONVERSION = YES_AGGRESSIVE;
				CLANG_CXX_LANGUAGE_STANDARD = "gnu++14";
				CLANG_CXX_LIBRARY = "libc++";
				CLANG_ENABLE_MODULES = YES;
				CLANG_ENABLE_OBJC_ARC = YES;
				CLANG_ENABLE_OBJC_WEAK = YES;
				CLANG_WARN_BLOCK_CAPTURE_AUTORELEASING = YES;
				CLANG_WARN_BOOL_CONVERSION = YES;
				CLANG_WARN_COMMA = YES;
				CLANG_WARN_CONSTANT_CONVERSION = YES;
				CLANG_WARN_DEPRECATED_OBJC_IMPLEMENTATIONS = YES;
				CLANG_WARN_DIRECT_OBJC_ISA_USAGE = YES_ERROR;
				CLANG_WARN_DOCUMENTATION_COMMENTS = YES;
				CLANG_WARN_EMPTY_BODY = YES;
				CLANG_WARN_ENUM_CONVERSION = YES;
				CLANG_WARN_INFINITE_RECURSION = YES;
				CLANG_WARN_INT_CONVERSION = YES;
				CLANG_WARN_NON_LITERAL_NULL_CONVERSION = YES;
				CLANG_WARN_OBJC_IMPLICIT_RETAIN_SELF = YES;
				CLANG_WARN_OBJC_LITERAL_CONVERSION = YES;
				CLANG_WARN_OBJC_ROOT_CLASS = YES_ERROR;
				CLANG_WARN_RANGE_LOOP_ANALYSIS = YES;
				CLANG_WARN_STRICT_PROTOTYPES = YES;
				CLANG_WARN_SUSPICIOUS_MOVE = YES;
				CLANG_WARN_UNGUARDED_AVAILABILITY = YES_AGGRESSIVE;
				CLANG_WARN_UNREACHABLE_CODE = YES;
				CLANG_WARN__DUPLICATE_METHOD_MATCH = YES;
				COPY_PHASE_STRIP = NO;
				DEBUG_INFORMATION_FORMAT = dwarf;
				ENABLE_STRICT_OBJC_MSGSEND = YES;
				ENABLE_TESTABILITY = YES;
				GCC_C_LANGUAGE_STANDARD = gnu11;
				GCC_DYNAMIC_NO_PIC = NO;
				GCC_NO_COMMON_BLOCKS = YES;
				GCC_OPTIMIZATION_LEVEL = 0;
				GCC_PREPROCESSOR_DEFINITIONS = (
					"DEBUG=1",
					"$(inherited)",
				);
				GCC_WARN_64_TO_32_BIT_CONVERSION = YES;
				GCC_WARN_ABOUT_RETURN_TYPE = YES_ERROR;
				GCC_WARN_UNDECLARED_SELECTOR = YES;
				GCC_WARN_UNINITIALIZED_AUTOS = YES_AGGRESSIVE;
				GCC_WARN_UNUSED_FUNCTION = YES;
				GCC_WARN_UNUSED_VARIABLE = YES;
				IPHONEOS_DEPLOYMENT_TARGET = 13.2;
				MTL_ENABLE_DEBUG_INFO = INCLUDE_SOURCE;
				MTL_FAST_MATH = YES;
				ONLY_ACTIVE_ARCH = YES;
				SDKROOT = iphoneos;
				SWIFT_ACTIVE_COMPILATION_CONDITIONS = DEBUG;
				SWIFT_OPTIMIZATION_LEVEL = "-Onone";
			};
			name = Debug;
		};
		C2E4099623F0BE0F00CAD568 /* Release */ = {
			isa = XCBuildConfiguration;
			buildSettings = {
				ALWAYS_SEARCH_USER_PATHS = NO;
				CLANG_ANALYZER_NONNULL = YES;
				CLANG_ANALYZER_NUMBER_OBJECT_CONVERSION = YES_AGGRESSIVE;
				CLANG_CXX_LANGUAGE_STANDARD = "gnu++14";
				CLANG_CXX_LIBRARY = "libc++";
				CLANG_ENABLE_MODULES = YES;
				CLANG_ENABLE_OBJC_ARC = YES;
				CLANG_ENABLE_OBJC_WEAK = YES;
				CLANG_WARN_BLOCK_CAPTURE_AUTORELEASING = YES;
				CLANG_WARN_BOOL_CONVERSION = YES;
				CLANG_WARN_COMMA = YES;
				CLANG_WARN_CONSTANT_CONVERSION = YES;
				CLANG_WARN_DEPRECATED_OBJC_IMPLEMENTATIONS = YES;
				CLANG_WARN_DIRECT_OBJC_ISA_USAGE = YES_ERROR;
				CLANG_WARN_DOCUMENTATION_COMMENTS = YES;
				CLANG_WARN_EMPTY_BODY = YES;
				CLANG_WARN_ENUM_CONVERSION = YES;
				CLANG_WARN_INFINITE_RECURSION = YES;
				CLANG_WARN_INT_CONVERSION = YES;
				CLANG_WARN_NON_LITERAL_NULL_CONVERSION = YES;
				CLANG_WARN_OBJC_IMPLICIT_RETAIN_SELF = YES;
				CLANG_WARN_OBJC_LITERAL_CONVERSION = YES;
				CLANG_WARN_OBJC_ROOT_CLASS = YES_ERROR;
				CLANG_WARN_RANGE_LOOP_ANALYSIS = YES;
				CLANG_WARN_STRICT_PROTOTYPES = YES;
				CLANG_WARN_SUSPICIOUS_MOVE = YES;
				CLANG_WARN_UNGUARDED_AVAILABILITY = YES_AGGRESSIVE;
				CLANG_WARN_UNREACHABLE_CODE = YES;
				CLANG_WARN__DUPLICATE_METHOD_MATCH = YES;
				COPY_PHASE_STRIP = NO;
				DEBUG_INFORMATION_FORMAT = "dwarf-with-dsym";
				ENABLE_NS_ASSERTIONS = NO;
				ENABLE_STRICT_OBJC_MSGSEND = YES;
				GCC_C_LANGUAGE_STANDARD = gnu11;
				GCC_NO_COMMON_BLOCKS = YES;
				GCC_WARN_64_TO_32_BIT_CONVERSION = YES;
				GCC_WARN_ABOUT_RETURN_TYPE = YES_ERROR;
				GCC_WARN_UNDECLARED_SELECTOR = YES;
				GCC_WARN_UNINITIALIZED_AUTOS = YES_AGGRESSIVE;
				GCC_WARN_UNUSED_FUNCTION = YES;
				GCC_WARN_UNUSED_VARIABLE = YES;
				IPHONEOS_DEPLOYMENT_TARGET = 13.2;
				MTL_ENABLE_DEBUG_INFO = NO;
				MTL_FAST_MATH = YES;
				SDKROOT = iphoneos;
				SWIFT_COMPILATION_MODE = wholemodule;
				SWIFT_OPTIMIZATION_LEVEL = "-O";
				VALIDATE_PRODUCT = YES;
			};
			name = Release;
		};
		C2E4099823F0BE0F00CAD568 /* Debug */ = {
			isa = XCBuildConfiguration;
			buildSettings = {
				ASSETCATALOG_COMPILER_APPICON_NAME = AppIcon;
				CODE_SIGN_STYLE = Automatic;
				DEVELOPMENT_ASSET_PATHS = "\"Knock Knock/Preview Content\"";
				ENABLE_PREVIEWS = YES;
				INFOPLIST_FILE = "Knock Knock/Info.plist";
				LD_RUNPATH_SEARCH_PATHS = (
					"$(inherited)",
					"@executable_path/Frameworks",
				);
				PRODUCT_BUNDLE_IDENTIFIER = "lab2.Knock-Knock";
				PRODUCT_NAME = "$(TARGET_NAME)";
				SWIFT_VERSION = 5.0;
				TARGETED_DEVICE_FAMILY = "1,2";
			};
			name = Debug;
		};
		C2E4099923F0BE0F00CAD568 /* Release */ = {
			isa = XCBuildConfiguration;
			buildSettings = {
				ASSETCATALOG_COMPILER_APPICON_NAME = AppIcon;
				CODE_SIGN_STYLE = Automatic;
				DEVELOPMENT_ASSET_PATHS = "\"Knock Knock/Preview Content\"";
				ENABLE_PREVIEWS = YES;
				INFOPLIST_FILE = "Knock Knock/Info.plist";
				LD_RUNPATH_SEARCH_PATHS = (
					"$(inherited)",
					"@executable_path/Frameworks",
				);
				PRODUCT_BUNDLE_IDENTIFIER = "lab2.Knock-Knock";
				PRODUCT_NAME = "$(TARGET_NAME)";
				SWIFT_VERSION = 5.0;
				TARGETED_DEVICE_FAMILY = "1,2";
			};
			name = Release;
		};
/* End XCBuildConfiguration section */

/* Begin XCConfigurationList section */
		C2E4097E23F0BE0800CAD568 /* Build configuration list for PBXProject "Knock Knock" */ = {
			isa = XCConfigurationList;
			buildConfigurations = (
				C2E4099523F0BE0F00CAD568 /* Debug */,
				C2E4099623F0BE0F00CAD568 /* Release */,
			);
			defaultConfigurationIsVisible = 0;
			defaultConfigurationName = Release;
		};
		C2E4099723F0BE0F00CAD568 /* Build configuration list for PBXNativeTarget "Knock Knock" */ = {
			isa = XCConfigurationList;
			buildConfigurations = (
				C2E4099823F0BE0F00CAD568 /* Debug */,
				C2E4099923F0BE0F00CAD568 /* Release */,
			);
			defaultConfigurationIsVisible = 0;
			defaultConfigurationName = Release;
		};
/* End XCConfigurationList section */
	};
	rootObject = C2E4097B23F0BE0800CAD568 /* Project object */;
}
